// !$*UTF8*$!
{
	archiveVersion = 1;
	classes = {
	};
	objectVersion = 55;
	objects = {

/* Begin PBXBuildFile section */
		5B34F13E281548CC00D4ADD5 /* FavModel.swift in Sources */ = {isa = PBXBuildFile; fileRef = 5B34F13D281548CC00D4ADD5 /* FavModel.swift */; };
		5B5F4C85280329BD0088ACC7 /* AppDelegate.swift in Sources */ = {isa = PBXBuildFile; fileRef = 5B5F4C84280329BD0088ACC7 /* AppDelegate.swift */; };
		5B5F4C89280329BD0088ACC7 /* HomeViewController.swift in Sources */ = {isa = PBXBuildFile; fileRef = 5B5F4C88280329BD0088ACC7 /* HomeViewController.swift */; };
		5B5F4C8F280329BD0088ACC7 /* TvShowsApp_CodeChallenge.xcdatamodeld in Sources */ = {isa = PBXBuildFile; fileRef = 5B5F4C8D280329BD0088ACC7 /* TvShowsApp_CodeChallenge.xcdatamodeld */; };
		5B5F4C91280329BE0088ACC7 /* Assets.xcassets in Resources */ = {isa = PBXBuildFile; fileRef = 5B5F4C90280329BE0088ACC7 /* Assets.xcassets */; };
		5B5F4C9D28032A720088ACC7 /* Kingfisher in Frameworks */ = {isa = PBXBuildFile; productRef = 5B5F4C9C28032A720088ACC7 /* Kingfisher */; };
		5B5F4CA728032B630088ACC7 /* APIRouter.swift in Sources */ = {isa = PBXBuildFile; fileRef = 5B5F4CA628032B630088ACC7 /* APIRouter.swift */; };
		5B5F4CAA280330470088ACC7 /* ServiceConfiguration.swift in Sources */ = {isa = PBXBuildFile; fileRef = 5B5F4CA9280330470088ACC7 /* ServiceConfiguration.swift */; };
		5B5F4CAC2803305B0088ACC7 /* ServiceManager.swift in Sources */ = {isa = PBXBuildFile; fileRef = 5B5F4CAB2803305B0088ACC7 /* ServiceManager.swift */; };
		5B5F4CAF280346530088ACC7 /* UIView+Extension.swift in Sources */ = {isa = PBXBuildFile; fileRef = 5B5F4CAE280346530088ACC7 /* UIView+Extension.swift */; };
		5B5F4CB1280349830088ACC7 /* MovieCell.swift in Sources */ = {isa = PBXBuildFile; fileRef = 5B5F4CB0280349830088ACC7 /* MovieCell.swift */; };
		5B5F4CB32803553C0088ACC7 /* Movie.swift in Sources */ = {isa = PBXBuildFile; fileRef = 5B5F4CB22803553C0088ACC7 /* Movie.swift */; };
		5B5F4CD928048F270088ACC7 /* Alamofire in Frameworks */ = {isa = PBXBuildFile; productRef = 5B5F4CD828048F270088ACC7 /* Alamofire */; };
		5B62CE3F281096300078B1B9 /* heart.png in Resources */ = {isa = PBXBuildFile; fileRef = 5B62CE3E281096300078B1B9 /* heart.png */; };
		5B83DE9D2805ADB500C97679 /* DetailViewController.swift in Sources */ = {isa = PBXBuildFile; fileRef = 5B83DE9C2805ADB500C97679 /* DetailViewController.swift */; };
		5B83DEA02805AE8B00C97679 /* UITableView+Extensions.swift in Sources */ = {isa = PBXBuildFile; fileRef = 5B83DE9F2805AE8B00C97679 /* UITableView+Extensions.swift */; };
		5BFA8A852804922D009F00F4 /* GetFavoriteMoviesResponse.swift in Sources */ = {isa = PBXBuildFile; fileRef = 5BFA8A842804922D009F00F4 /* GetFavoriteMoviesResponse.swift */; };
/* End PBXBuildFile section */

/* Begin PBXFileReference section */
		5B34F13D281548CC00D4ADD5 /* FavModel.swift */ = {isa = PBXFileReference; lastKnownFileType = sourcecode.swift; path = FavModel.swift; sourceTree = "<group>"; };
		5B5F4C81280329BD0088ACC7 /* TvShowsApp-CodeChallenge.app */ = {isa = PBXFileReference; explicitFileType = wrapper.application; includeInIndex = 0; path = "TvShowsApp-CodeChallenge.app"; sourceTree = BUILT_PRODUCTS_DIR; };
		5B5F4C84280329BD0088ACC7 /* AppDelegate.swift */ = {isa = PBXFileReference; lastKnownFileType = sourcecode.swift; path = AppDelegate.swift; sourceTree = "<group>"; };
		5B5F4C88280329BD0088ACC7 /* HomeViewController.swift */ = {isa = PBXFileReference; lastKnownFileType = sourcecode.swift; path = HomeViewController.swift; sourceTree = "<group>"; };
		5B5F4C8E280329BD0088ACC7 /* TvShowsApp_CodeChallenge.xcdatamodel */ = {isa = PBXFileReference; lastKnownFileType = wrapper.xcdatamodel; path = TvShowsApp_CodeChallenge.xcdatamodel; sourceTree = "<group>"; };
		5B5F4C90280329BE0088ACC7 /* Assets.xcassets */ = {isa = PBXFileReference; lastKnownFileType = folder.assetcatalog; path = Assets.xcassets; sourceTree = "<group>"; };
		5B5F4C95280329BE0088ACC7 /* Info.plist */ = {isa = PBXFileReference; lastKnownFileType = text.plist.xml; path = Info.plist; sourceTree = "<group>"; };
		5B5F4CA628032B630088ACC7 /* APIRouter.swift */ = {isa = PBXFileReference; lastKnownFileType = sourcecode.swift; path = APIRouter.swift; sourceTree = "<group>"; };
		5B5F4CA9280330470088ACC7 /* ServiceConfiguration.swift */ = {isa = PBXFileReference; lastKnownFileType = sourcecode.swift; path = ServiceConfiguration.swift; sourceTree = "<group>"; };
		5B5F4CAB2803305B0088ACC7 /* ServiceManager.swift */ = {isa = PBXFileReference; lastKnownFileType = sourcecode.swift; path = ServiceManager.swift; sourceTree = "<group>"; };
		5B5F4CAE280346530088ACC7 /* UIView+Extension.swift */ = {isa = PBXFileReference; lastKnownFileType = sourcecode.swift; path = "UIView+Extension.swift"; sourceTree = "<group>"; };
		5B5F4CB0280349830088ACC7 /* MovieCell.swift */ = {isa = PBXFileReference; lastKnownFileType = sourcecode.swift; path = MovieCell.swift; sourceTree = "<group>"; };
		5B5F4CB22803553C0088ACC7 /* Movie.swift */ = {isa = PBXFileReference; lastKnownFileType = sourcecode.swift; path = Movie.swift; sourceTree = "<group>"; };
		5B62CE3E281096300078B1B9 /* heart.png */ = {isa = PBXFileReference; lastKnownFileType = image.png; path = heart.png; sourceTree = "<group>"; };
		5B83DE9C2805ADB500C97679 /* DetailViewController.swift */ = {isa = PBXFileReference; lastKnownFileType = sourcecode.swift; path = DetailViewController.swift; sourceTree = "<group>"; };
		5B83DE9F2805AE8B00C97679 /* UITableView+Extensions.swift */ = {isa = PBXFileReference; lastKnownFileType = sourcecode.swift; path = "UITableView+Extensions.swift"; sourceTree = "<group>"; };
		5BFA8A842804922D009F00F4 /* GetFavoriteMoviesResponse.swift */ = {isa = PBXFileReference; lastKnownFileType = sourcecode.swift; path = GetFavoriteMoviesResponse.swift; sourceTree = "<group>"; };
/* End PBXFileReference section */

/* Begin PBXFrameworksBuildPhase section */
		5B5F4C7E280329BD0088ACC7 /* Frameworks */ = {
			isa = PBXFrameworksBuildPhase;
			buildActionMask = 2147483647;
			files = (
				5B5F4C9D28032A720088ACC7 /* Kingfisher in Frameworks */,
				5B5F4CD928048F270088ACC7 /* Alamofire in Frameworks */,
			);
			runOnlyForDeploymentPostprocessing = 0;
		};
/* End PBXFrameworksBuildPhase section */

/* Begin PBXGroup section */
		5B5F4C78280329BD0088ACC7 = {
			isa = PBXGroup;
			children = (
				5B5F4C83280329BD0088ACC7 /* TvShowsApp-CodeChallenge */,
				5B5F4C82280329BD0088ACC7 /* Products */,
			);
			sourceTree = "<group>";
		};
		5B5F4C82280329BD0088ACC7 /* Products */ = {
			isa = PBXGroup;
			children = (
				5B5F4C81280329BD0088ACC7 /* TvShowsApp-CodeChallenge.app */,
			);
			name = Products;
			sourceTree = "<group>";
		};
		5B5F4C83280329BD0088ACC7 /* TvShowsApp-CodeChallenge */ = {
			isa = PBXGroup;
			children = (
				5B5F4C9F28032AD70088ACC7 /* App */,
				5B5F4CAD280346350088ACC7 /* Extension */,
				5B5F4CA8280330320088ACC7 /* Network */,
				5B5F4CA528032B230088ACC7 /* ViewModel */,
				5B5F4CA128032AE40088ACC7 /* Model */,
				5B5F4CA028032ADE0088ACC7 /* Scene */,
				5B5F4C9E28032AC20088ACC7 /* Service */,
				5B5F4CA228032AEC0088ACC7 /* Resource */,
				5B5F4C8D280329BD0088ACC7 /* TvShowsApp_CodeChallenge.xcdatamodeld */,
				5B5F4C95280329BE0088ACC7 /* Info.plist */,
			);
			path = "TvShowsApp-CodeChallenge";
			sourceTree = "<group>";
		};
		5B5F4C9E28032AC20088ACC7 /* Service */ = {
			isa = PBXGroup;
			children = (
			);
			path = Service;
			sourceTree = "<group>";
		};
		5B5F4C9F28032AD70088ACC7 /* App */ = {
			isa = PBXGroup;
			children = (
				5B5F4C84280329BD0088ACC7 /* AppDelegate.swift */,
			);
			path = App;
			sourceTree = "<group>";
		};
		5B5F4CA028032ADE0088ACC7 /* Scene */ = {
			isa = PBXGroup;
			children = (
				5B83DE9A2805AD3800C97679 /* Home */,
				5B83DE9B2805AD5300C97679 /* Detail */,
			);
			path = Scene;
			sourceTree = "<group>";
		};
		5B5F4CA128032AE40088ACC7 /* Model */ = {
			isa = PBXGroup;
			children = (
				5B5F4CB22803553C0088ACC7 /* Movie.swift */,
				5B34F13D281548CC00D4ADD5 /* FavModel.swift */,
			);
			path = Model;
			sourceTree = "<group>";
		};
		5B5F4CA228032AEC0088ACC7 /* Resource */ = {
			isa = PBXGroup;
			children = (
				5B5F4C90280329BE0088ACC7 /* Assets.xcassets */,
				5B62CE3E281096300078B1B9 /* heart.png */,
			);
			path = Resource;
			sourceTree = "<group>";
		};
		5B5F4CA528032B230088ACC7 /* ViewModel */ = {
			isa = PBXGroup;
			children = (
			);
			path = ViewModel;
			sourceTree = "<group>";
		};
		5B5F4CA8280330320088ACC7 /* Network */ = {
			isa = PBXGroup;
			children = (
				5B5F4CDA280491B20088ACC7 /* Response */,
				5B5F4CA628032B630088ACC7 /* APIRouter.swift */,
				5B5F4CA9280330470088ACC7 /* ServiceConfiguration.swift */,
				5B5F4CAB2803305B0088ACC7 /* ServiceManager.swift */,
			);
			path = Network;
			sourceTree = "<group>";
		};
		5B5F4CAD280346350088ACC7 /* Extension */ = {
			isa = PBXGroup;
			children = (
				5B5F4CAE280346530088ACC7 /* UIView+Extension.swift */,
				5B83DE9F2805AE8B00C97679 /* UITableView+Extensions.swift */,
			);
			path = Extension;
			sourceTree = "<group>";
		};
		5B5F4CDA280491B20088ACC7 /* Response */ = {
			isa = PBXGroup;
			children = (
				5BFA8A842804922D009F00F4 /* GetFavoriteMoviesResponse.swift */,
			);
			path = Response;
			sourceTree = "<group>";
		};
		5B83DE9A2805AD3800C97679 /* Home */ = {
			isa = PBXGroup;
			children = (
				5B5F4CB0280349830088ACC7 /* MovieCell.swift */,
				5B5F4C88280329BD0088ACC7 /* HomeViewController.swift */,
			);
			path = Home;
			sourceTree = "<group>";
		};
		5B83DE9B2805AD5300C97679 /* Detail */ = {
			isa = PBXGroup;
			children = (
				5B83DE9C2805ADB500C97679 /* DetailViewController.swift */,
			);
			path = Detail;
			sourceTree = "<group>";
		};
/* End PBXGroup section */

/* Begin PBXNativeTarget section */
		5B5F4C80280329BD0088ACC7 /* TvShowsApp-CodeChallenge */ = {
			isa = PBXNativeTarget;
			buildConfigurationList = 5B5F4C98280329BE0088ACC7 /* Build configuration list for PBXNativeTarget "TvShowsApp-CodeChallenge" */;
			buildPhases = (
				5B5F4C7D280329BD0088ACC7 /* Sources */,
				5B5F4C7E280329BD0088ACC7 /* Frameworks */,
				5B5F4C7F280329BD0088ACC7 /* Resources */,
			);
			buildRules = (
			);
			dependencies = (
			);
			name = "TvShowsApp-CodeChallenge";
			packageProductDependencies = (
				5B5F4C9C28032A720088ACC7 /* Kingfisher */,
				5B5F4CD828048F270088ACC7 /* Alamofire */,
			);
			productName = "TvShowsApp-CodeChallenge";
			productReference = 5B5F4C81280329BD0088ACC7 /* TvShowsApp-CodeChallenge.app */;
			productType = "com.apple.product-type.application";
		};
/* End PBXNativeTarget section */

/* Begin PBXProject section */
		5B5F4C79280329BD0088ACC7 /* Project object */ = {
			isa = PBXProject;
			attributes = {
				BuildIndependentTargetsInParallel = 1;
				LastSwiftUpdateCheck = 1330;
				LastUpgradeCheck = 1330;
				TargetAttributes = {
					5B5F4C80280329BD0088ACC7 = {
						CreatedOnToolsVersion = 13.3;
					};
				};
			};
			buildConfigurationList = 5B5F4C7C280329BD0088ACC7 /* Build configuration list for PBXProject "TvShowsApp-CodeChallenge" */;
			compatibilityVersion = "Xcode 13.0";
			developmentRegion = en;
			hasScannedForEncodings = 0;
			knownRegions = (
				en,
				Base,
			);
			mainGroup = 5B5F4C78280329BD0088ACC7;
			packageReferences = (
				5B5F4C9B28032A720088ACC7 /* XCRemoteSwiftPackageReference "Kingfisher" */,
				5B5F4CD728048F270088ACC7 /* XCRemoteSwiftPackageReference "Alamofire" */,
			);
			productRefGroup = 5B5F4C82280329BD0088ACC7 /* Products */;
			projectDirPath = "";
			projectRoot = "";
			targets = (
				5B5F4C80280329BD0088ACC7 /* TvShowsApp-CodeChallenge */,
			);
		};
/* End PBXProject section */

/* Begin PBXResourcesBuildPhase section */
		5B5F4C7F280329BD0088ACC7 /* Resources */ = {
			isa = PBXResourcesBuildPhase;
			buildActionMask = 2147483647;
			files = (
				5B62CE3F281096300078B1B9 /* heart.png in Resources */,
				5B5F4C91280329BE0088ACC7 /* Assets.xcassets in Resources */,
			);
			runOnlyForDeploymentPostprocessing = 0;
		};
/* End PBXResourcesBuildPhase section */

/* Begin PBXSourcesBuildPhase section */
		5B5F4C7D280329BD0088ACC7 /* Sources */ = {
			isa = PBXSourcesBuildPhase;
			buildActionMask = 2147483647;
			files = (
				5B83DE9D2805ADB500C97679 /* DetailViewController.swift in Sources */,
				5BFA8A852804922D009F00F4 /* GetFavoriteMoviesResponse.swift in Sources */,
				5B5F4C89280329BD0088ACC7 /* HomeViewController.swift in Sources */,
				5B83DEA02805AE8B00C97679 /* UITableView+Extensions.swift in Sources */,
				5B5F4CA728032B630088ACC7 /* APIRouter.swift in Sources */,
				5B5F4CB1280349830088ACC7 /* MovieCell.swift in Sources */,
				5B5F4C8F280329BD0088ACC7 /* TvShowsApp_CodeChallenge.xcdatamodeld in Sources */,
				5B5F4C85280329BD0088ACC7 /* AppDelegate.swift in Sources */,
				5B5F4CB32803553C0088ACC7 /* Movie.swift in Sources */,
				5B5F4CAF280346530088ACC7 /* UIView+Extension.swift in Sources */,
				5B5F4CAA280330470088ACC7 /* ServiceConfiguration.swift in Sources */,
				5B34F13E281548CC00D4ADD5 /* FavModel.swift in Sources */,
				5B5F4CAC2803305B0088ACC7 /* ServiceManager.swift in Sources */,
			);
			runOnlyForDeploymentPostprocessing = 0;
		};
/* End PBXSourcesBuildPhase section */

/* Begin XCBuildConfiguration section */
		5B5F4C96280329BE0088ACC7 /* Debug */ = {
			isa = XCBuildConfiguration;
			buildSettings = {
				ALWAYS_SEARCH_USER_PATHS = NO;
				CLANG_ANALYZER_NONNULL = YES;
				CLANG_ANALYZER_NUMBER_OBJECT_CONVERSION = YES_AGGRESSIVE;
				CLANG_CXX_LANGUAGE_STANDARD = "gnu++17";
				CLANG_ENABLE_MODULES = YES;
				CLANG_ENABLE_OBJC_ARC = YES;
				CLANG_ENABLE_OBJC_WEAK = YES;
				CLANG_WARN_BLOCK_CAPTURE_AUTORELEASING = YES;
				CLANG_WARN_BOOL_CONVERSION = YES;
				CLANG_WARN_COMMA = YES;
				CLANG_WARN_CONSTANT_CONVERSION = YES;
				CLANG_WARN_DEPRECATED_OBJC_IMPLEMENTATIONS = YES;
				CLANG_WARN_DIRECT_OBJC_ISA_USAGE = YES_ERROR;
				CLANG_WARN_DOCUMENTATION_COMMENTS = YES;
				CLANG_WARN_EMPTY_BODY = YES;
				CLANG_WARN_ENUM_CONVERSION = YES;
				CLANG_WARN_INFINITE_RECURSION = YES;
				CLANG_WARN_INT_CONVERSION = YES;
				CLANG_WARN_NON_LITERAL_NULL_CONVERSION = YES;
				CLANG_WARN_OBJC_IMPLICIT_RETAIN_SELF = YES;
				CLANG_WARN_OBJC_LITERAL_CONVERSION = YES;
				CLANG_WARN_OBJC_ROOT_CLASS = YES_ERROR;
				CLANG_WARN_QUOTED_INCLUDE_IN_FRAMEWORK_HEADER = YES;
				CLANG_WARN_RANGE_LOOP_ANALYSIS = YES;
				CLANG_WARN_STRICT_PROTOTYPES = YES;
				CLANG_WARN_SUSPICIOUS_MOVE = YES;
				CLANG_WARN_UNGUARDED_AVAILABILITY = YES_AGGRESSIVE;
				CLANG_WARN_UNREACHABLE_CODE = YES;
				CLANG_WARN__DUPLICATE_METHOD_MATCH = YES;
				COPY_PHASE_STRIP = NO;
				DEBUG_INFORMATION_FORMAT = dwarf;
				ENABLE_STRICT_OBJC_MSGSEND = YES;
				ENABLE_TESTABILITY = YES;
				GCC_C_LANGUAGE_STANDARD = gnu11;
				GCC_DYNAMIC_NO_PIC = NO;
				GCC_NO_COMMON_BLOCKS = YES;
				GCC_OPTIMIZATION_LEVEL = 0;
				GCC_PREPROCESSOR_DEFINITIONS = (
					"DEBUG=1",
					"$(inherited)",
				);
				GCC_WARN_64_TO_32_BIT_CONVERSION = YES;
				GCC_WARN_ABOUT_RETURN_TYPE = YES_ERROR;
				GCC_WARN_UNDECLARED_SELECTOR = YES;
				GCC_WARN_UNINITIALIZED_AUTOS = YES_AGGRESSIVE;
				GCC_WARN_UNUSED_FUNCTION = YES;
				GCC_WARN_UNUSED_VARIABLE = YES;
				IPHONEOS_DEPLOYMENT_TARGET = 15.4;
				MTL_ENABLE_DEBUG_INFO = INCLUDE_SOURCE;
				MTL_FAST_MATH = YES;
				ONLY_ACTIVE_ARCH = YES;
				SDKROOT = iphoneos;
				SWIFT_ACTIVE_COMPILATION_CONDITIONS = DEBUG;
				SWIFT_OPTIMIZATION_LEVEL = "-Onone";
			};
			name = Debug;
		};
		5B5F4C97280329BE0088ACC7 /* Release */ = {
			isa = XCBuildConfiguration;
			buildSettings = {
				ALWAYS_SEARCH_USER_PATHS = NO;
				CLANG_ANALYZER_NONNULL = YES;
				CLANG_ANALYZER_NUMBER_OBJECT_CONVERSION = YES_AGGRESSIVE;
				CLANG_CXX_LANGUAGE_STANDARD = "gnu++17";
				CLANG_ENABLE_MODULES = YES;
				CLANG_ENABLE_OBJC_ARC = YES;
				CLANG_ENABLE_OBJC_WEAK = YES;
				CLANG_WARN_BLOCK_CAPTURE_AUTORELEASING = YES;
				CLANG_WARN_BOOL_CONVERSION = YES;
				CLANG_WARN_COMMA = YES;
				CLANG_WARN_CONSTANT_CONVERSION = YES;
				CLANG_WARN_DEPRECATED_OBJC_IMPLEMENTATIONS = YES;
				CLANG_WARN_DIRECT_OBJC_ISA_USAGE = YES_ERROR;
				CLANG_WARN_DOCUMENTATION_COMMENTS = YES;
				CLANG_WARN_EMPTY_BODY = YES;
				CLANG_WARN_ENUM_CONVERSION = YES;
				CLANG_WARN_INFINITE_RECURSION = YES;
				CLANG_WARN_INT_CONVERSION = YES;
				CLANG_WARN_NON_LITERAL_NULL_CONVERSION = YES;
				CLANG_WARN_OBJC_IMPLICIT_RETAIN_SELF = YES;
				CLANG_WARN_OBJC_LITERAL_CONVERSION = YES;
				CLANG_WARN_OBJC_ROOT_CLASS = YES_ERROR;
				CLANG_WARN_QUOTED_INCLUDE_IN_FRAMEWORK_HEADER = YES;
				CLANG_WARN_RANGE_LOOP_ANALYSIS = YES;
				CLANG_WARN_STRICT_PROTOTYPES = YES;
				CLANG_WARN_SUSPICIOUS_MOVE = YES;
				CLANG_WARN_UNGUARDED_AVAILABILITY = YES_AGGRESSIVE;
				CLANG_WARN_UNREACHABLE_CODE = YES;
				CLANG_WARN__DUPLICATE_METHOD_MATCH = YES;
				COPY_PHASE_STRIP = NO;
				DEBUG_INFORMATION_FORMAT = "dwarf-with-dsym";
				ENABLE_NS_ASSERTIONS = NO;
				ENABLE_STRICT_OBJC_MSGSEND = YES;
				GCC_C_LANGUAGE_STANDARD = gnu11;
				GCC_NO_COMMON_BLOCKS = YES;
				GCC_WARN_64_TO_32_BIT_CONVERSION = YES;
				GCC_WARN_ABOUT_RETURN_TYPE = YES_ERROR;
				GCC_WARN_UNDECLARED_SELECTOR = YES;
				GCC_WARN_UNINITIALIZED_AUTOS = YES_AGGRESSIVE;
				GCC_WARN_UNUSED_FUNCTION = YES;
				GCC_WARN_UNUSED_VARIABLE = YES;
				IPHONEOS_DEPLOYMENT_TARGET = 15.4;
				MTL_ENABLE_DEBUG_INFO = NO;
				MTL_FAST_MATH = YES;
				SDKROOT = iphoneos;
				SWIFT_COMPILATION_MODE = wholemodule;
				SWIFT_OPTIMIZATION_LEVEL = "-O";
				VALIDATE_PRODUCT = YES;
			};
			name = Release;
		};
		5B5F4C99280329BE0088ACC7 /* Debug */ = {
			isa = XCBuildConfiguration;
			buildSettings = {
				ASSETCATALOG_COMPILER_APPICON_NAME = AppIcon;
				ASSETCATALOG_COMPILER_GLOBAL_ACCENT_COLOR_NAME = AccentColor;
				CODE_SIGN_STYLE = Automatic;
				CURRENT_PROJECT_VERSION = 1;
				DEVELOPMENT_TEAM = 6P2YAJPL7J;
				GENERATE_INFOPLIST_FILE = YES;
				INFOPLIST_FILE = "TvShowsApp-CodeChallenge/Info.plist";
				INFOPLIST_KEY_UIApplicationSupportsIndirectInputEvents = YES;
				INFOPLIST_KEY_UILaunchStoryboardName = LaunchScreen;
				INFOPLIST_KEY_UISupportedInterfaceOrientations_iPad = "UIInterfaceOrientationPortrait UIInterfaceOrientationPortraitUpsideDown UIInterfaceOrientationLandscapeLeft UIInterfaceOrientationLandscapeRight";
				INFOPLIST_KEY_UISupportedInterfaceOrientations_iPhone = "UIInterfaceOrientationPortrait UIInterfaceOrientationLandscapeLeft UIInterfaceOrientationLandscapeRight";
				LD_RUNPATH_SEARCH_PATHS = (
					"$(inherited)",
					"@executable_path/Frameworks",
				);
				MARKETING_VERSION = 1.0;
				PRODUCT_BUNDLE_IDENTIFIER = "com.muazbulut.TvShowsApp-CodeChallenge";
				PRODUCT_NAME = "$(TARGET_NAME)";
				SWIFT_EMIT_LOC_STRINGS = YES;
				SWIFT_VERSION = 5.0;
				TARGETED_DEVICE_FAMILY = "1,2";
			};
			name = Debug;
		};
		5B5F4C9A280329BE0088ACC7 /* Release */ = {
			isa = XCBuildConfiguration;
			buildSettings = {
				ASSETCATALOG_COMPILER_APPICON_NAME = AppIcon;
				ASSETCATALOG_COMPILER_GLOBAL_ACCENT_COLOR_NAME = AccentColor;
				CODE_SIGN_STYLE = Automatic;
				CURRENT_PROJECT_VERSION = 1;
				DEVELOPMENT_TEAM = 6P2YAJPL7J;
				GENERATE_INFOPLIST_FILE = YES;
				INFOPLIST_FILE = "TvShowsApp-CodeChallenge/Info.plist";
				INFOPLIST_KEY_UIApplicationSupportsIndirectInputEvents = YES;
				INFOPLIST_KEY_UILaunchStoryboardName = LaunchScreen;
				INFOPLIST_KEY_UISupportedInterfaceOrientations_iPad = "UIInterfaceOrientationPortrait UIInterfaceOrientationPortraitUpsideDown UIInterfaceOrientationLandscapeLeft UIInterfaceOrientationLandscapeRight";
				INFOPLIST_KEY_UISupportedInterfaceOrientations_iPhone = "UIInterfaceOrientationPortrait UIInterfaceOrientationLandscapeLeft UIInterfaceOrientationLandscapeRight";
				LD_RUNPATH_SEARCH_PATHS = (
					"$(inherited)",
					"@executable_path/Frameworks",
				);
				MARKETING_VERSION = 1.0;
				PRODUCT_BUNDLE_IDENTIFIER = "com.muazbulut.TvShowsApp-CodeChallenge";
				PRODUCT_NAME = "$(TARGET_NAME)";
				SWIFT_EMIT_LOC_STRINGS = YES;
				SWIFT_VERSION = 5.0;
				TARGETED_DEVICE_FAMILY = "1,2";
			};
			name = Release;
		};
/* End XCBuildConfiguration section */

/* Begin XCConfigurationList section */
		5B5F4C7C280329BD0088ACC7 /* Build configuration list for PBXProject "TvShowsApp-CodeChallenge" */ = {
			isa = XCConfigurationList;
			buildConfigurations = (
				5B5F4C96280329BE0088ACC7 /* Debug */,
				5B5F4C97280329BE0088ACC7 /* Release */,
			);
			defaultConfigurationIsVisible = 0;
			defaultConfigurationName = Release;
		};
		5B5F4C98280329BE0088ACC7 /* Build configuration list for PBXNativeTarget "TvShowsApp-CodeChallenge" */ = {
			isa = XCConfigurationList;
			buildConfigurations = (
				5B5F4C99280329BE0088ACC7 /* Debug */,
				5B5F4C9A280329BE0088ACC7 /* Release */,
			);
			defaultConfigurationIsVisible = 0;
			defaultConfigurationName = Release;
		};
/* End XCConfigurationList section */

/* Begin XCRemoteSwiftPackageReference section */
		5B5F4C9B28032A720088ACC7 /* XCRemoteSwiftPackageReference "Kingfisher" */ = {
			isa = XCRemoteSwiftPackageReference;
			repositoryURL = "https://github.com/onevcat/Kingfisher.git";
			requirement = {
				kind = upToNextMajorVersion;
				minimumVersion = 7.0.0;
			};
		};
		5B5F4CD728048F270088ACC7 /* XCRemoteSwiftPackageReference "Alamofire" */ = {
			isa = XCRemoteSwiftPackageReference;
			repositoryURL = "https://github.com/Alamofire/Alamofire.git";
			requirement = {
				kind = upToNextMajorVersion;
				minimumVersion = 5.0.0;
			};
		};
/* End XCRemoteSwiftPackageReference section */

/* Begin XCSwiftPackageProductDependency section */
		5B5F4C9C28032A720088ACC7 /* Kingfisher */ = {
			isa = XCSwiftPackageProductDependency;
			package = 5B5F4C9B28032A720088ACC7 /* XCRemoteSwiftPackageReference "Kingfisher" */;
			productName = Kingfisher;
		};
		5B5F4CD828048F270088ACC7 /* Alamofire */ = {
			isa = XCSwiftPackageProductDependency;
			package = 5B5F4CD728048F270088ACC7 /* XCRemoteSwiftPackageReference "Alamofire" */;
			productName = Alamofire;
		};
/* End XCSwiftPackageProductDependency section */

/* Begin XCVersionGroup section */
		5B5F4C8D280329BD0088ACC7 /* TvShowsApp_CodeChallenge.xcdatamodeld */ = {
			isa = XCVersionGroup;
			children = (
				5B5F4C8E280329BD0088ACC7 /* TvShowsApp_CodeChallenge.xcdatamodel */,
			);
			currentVersion = 5B5F4C8E280329BD0088ACC7 /* TvShowsApp_CodeChallenge.xcdatamodel */;
			path = TvShowsApp_CodeChallenge.xcdatamodeld;
			sourceTree = "<group>";
			versionGroupType = wrapper.xcdatamodel;
		};
/* End XCVersionGroup section */
	};
	rootObject = 5B5F4C79280329BD0088ACC7 /* Project object */;
}
